dependencies:
- name: postgres
  repository: https://groundhog2k.github.io/helm-charts/
  version: 0.3.8
- name: redis
  repository: https://groundhog2k.github.io/helm-charts/
  version: 0.4.11
- name: elasticsearch
  repository: https://helm.elastic.co
  version: 7.17.3
- name: minio
  repository: https://charts.min.io/
  version: 3.6.6
digest: sha256:869e52d5deac7c27d87e4a22b85d727eb7603f7a29e2b837b923bc71b165a7d9
generated: "2022-04-25T14:21:24.544138-07:00"
