dependencies:
- name: postgres
  repository: https://groundhog2k.github.io/helm-charts/
  version: 0.2.5
- name: redis
  repository: https://groundhog2k.github.io/helm-charts/
  version: 0.2.6
- name: elasticsearch
  repository: https://groundhog2k.github.io/helm-charts/
  version: 0.1.0
- name: minio
  repository: https://helm.min.io/
  version: 8.0.9
digest: sha256:d482af33b70c4f6bce02dbfb84d801a74f032f6553814762611959b156759b1c
generated: "2021-01-16T10:05:00.62260598-08:00"
